
Microsoft Visual Studio Solution File, Format Version 12.00
# Visual Studio 15
VisualStudioVersion = 15.0.26124.0
MinimumVisualStudioVersion = 15.0.26124.0
Project("{FAE04EC0-301F-11D3-BF4B-00C04F79EFBC}") = "FibonacciHeap", "FibonacciHeap\FibonacciHeap.csproj", "{185AB756-3DCA-4322-BF5C-21936614C663}"
EndProject
Project("{FAE04EC0-301F-11D3-BF4B-00C04F79EFBC}") = "FibonacciHeap.Tests", "FibonacciHeap.Tests\FibonacciHeap.Tests.csproj", "{82E3C30A-FB6A-473C-9EFE-1AD5F0CD7C3B}"
EndProject
Global
	GlobalSection(SolutionConfigurationPlatforms) = preSolution
		Debug|Any CPU = Debug|Any CPU
		Debug|x64 = Debug|x64
		Debug|x86 = Debug|x86
		Release|Any CPU = Release|Any CPU
		Release|x64 = Release|x64
		Release|x86 = Release|x86
	EndGlobalSection
	GlobalSection(SolutionProperties) = preSolution
		HideSolutionNode = FALSE
	EndGlobalSection
	GlobalSection(ProjectConfigurationPlatforms) = postSolution
		{185AB756-3DCA-4322-BF5C-21936614C663}.Debug|Any CPU.ActiveCfg = Debug|Any CPU
		{185AB756-3DCA-4322-BF5C-21936614C663}.Debug|Any CPU.Build.0 = Debug|Any CPU
		{185AB756-3DCA-4322-BF5C-21936614C663}.Debug|x64.ActiveCfg = Debug|Any CPU
		{185AB756-3DCA-4322-BF5C-21936614C663}.Debug|x64.Build.0 = Debug|Any CPU
		{185AB756-3DCA-4322-BF5C-21936614C663}.Debug|x86.ActiveCfg = Debug|Any CPU
		{185AB756-3DCA-4322-BF5C-21936614C663}.Debug|x86.Build.0 = Debug|Any CPU
		{185AB756-3DCA-4322-BF5C-21936614C663}.Release|Any CPU.ActiveCfg = Release|Any CPU
		{185AB756-3DCA-4322-BF5C-21936614C663}.Release|Any CPU.Build.0 = Release|Any CPU
		{185AB756-3DCA-4322-BF5C-21936614C663}.Release|x64.ActiveCfg = Release|Any CPU
		{185AB756-3DCA-4322-BF5C-21936614C663}.Release|x64.Build.0 = Release|Any CPU
		{185AB756-3DCA-4322-BF5C-21936614C663}.Release|x86.ActiveCfg = Release|Any CPU
		{185AB756-3DCA-4322-BF5C-21936614C663}.Release|x86.Build.0 = Release|Any CPU
		{82E3C30A-FB6A-473C-9EFE-1AD5F0CD7C3B}.Debug|Any CPU.ActiveCfg = Debug|Any CPU
		{82E3C30A-FB6A-473C-9EFE-1AD5F0CD7C3B}.Debug|Any CPU.Build.0 = Debug|Any CPU
		{82E3C30A-FB6A-473C-9EFE-1AD5F0CD7C3B}.Debug|x64.ActiveCfg = Debug|Any CPU
		{82E3C30A-FB6A-473C-9EFE-1AD5F0CD7C3B}.Debug|x64.Build.0 = Debug|Any CPU
		{82E3C30A-FB6A-473C-9EFE-1AD5F0CD7C3B}.Debug|x86.ActiveCfg = Debug|Any CPU
		{82E3C30A-FB6A-473C-9EFE-1AD5F0CD7C3B}.Debug|x86.Build.0 = Debug|Any CPU
		{82E3C30A-FB6A-473C-9EFE-1AD5F0CD7C3B}.Release|Any CPU.ActiveCfg = Release|Any CPU
		{82E3C30A-FB6A-473C-9EFE-1AD5F0CD7C3B}.Release|Any CPU.Build.0 = Release|Any CPU
		{82E3C30A-FB6A-473C-9EFE-1AD5F0CD7C3B}.Release|x64.ActiveCfg = Release|Any CPU
		{82E3C30A-FB6A-473C-9EFE-1AD5F0CD7C3B}.Release|x64.Build.0 = Release|Any CPU
		{82E3C30A-FB6A-473C-9EFE-1AD5F0CD7C3B}.Release|x86.ActiveCfg = Release|Any CPU
		{82E3C30A-FB6A-473C-9EFE-1AD5F0CD7C3B}.Release|x86.Build.0 = Release|Any CPU
	EndGlobalSection
EndGlobal
